PODS:
  - Alamofire (5.0.0-rc.3)
  - Crashlytics (3.14.0):
    - Fabric (~> 1.10.2)
  - CTFeedback (1.1.1)
  - Fabric (1.10.2)
  - Firebase/Core (4.13.0):
    - FirebaseAnalytics (= 4.2.0)
    - FirebaseCore (= 4.0.20)
  - Firebase/Messaging (4.13.0):
    - Firebase/Core
    - FirebaseMessaging (= 2.2.0)
  - FirebaseAnalytics (4.2.0):
    - FirebaseCore (~> 4.0)
    - FirebaseInstanceID (~> 2.0)
    - "GoogleToolboxForMac/NSData+zlib (~> 2.1)"
    - nanopb (~> 0.3)
  - FirebaseCore (4.0.20):
    - "GoogleToolboxForMac/NSData+zlib (~> 2.1)"
  - FirebaseInstanceID (2.0.10):
    - FirebaseCore (~> 4.0)
  - FirebaseMessaging (2.2.0):
    - FirebaseAnalytics (~> 4.1)
    - FirebaseCore (~> 4.0)
    - FirebaseInstanceID (~> 2.0)
    - GoogleToolboxForMac/Logger (~> 2.1)
    - Protobuf (~> 3.5)
  - Google-Mobile-Ads-SDK (7.53.1):
    - GoogleAppMeasurement (~> 6.0)
  - GoogleAppMeasurement (6.1.2):
    - GoogleUtilities/AppDelegateSwizzler (~> 6.0)
    - GoogleUtilities/MethodSwizzler (~> 6.0)
    - GoogleUtilities/Network (~> 6.0)
    - "GoogleUtilities/NSData+zlib (~> 6.0)"
    - nanopb (~> 0.3)
  - GoogleToolboxForMac/Defines (2.1.4)
  - GoogleToolboxForMac/Logger (2.1.4):
    - GoogleToolboxForMac/Defines (= 2.1.4)
  - "GoogleToolboxForMac/NSData+zlib (2.1.4)":
    - GoogleToolboxForMac/Defines (= 2.1.4)
  - GoogleUtilities/AppDelegateSwizzler (6.4.0):
    - GoogleUtilities/Environment
    - GoogleUtilities/Logger
    - GoogleUtilities/Network
  - GoogleUtilities/Environment (6.4.0)
  - GoogleUtilities/Logger (6.4.0):
    - GoogleUtilities/Environment
  - GoogleUtilities/MethodSwizzler (6.4.0):
    - GoogleUtilities/Logger
  - GoogleUtilities/Network (6.4.0):
    - GoogleUtilities/Logger
    - "GoogleUtilities/NSData+zlib"
    - GoogleUtilities/Reachability
  - "GoogleUtilities/NSData+zlib (6.4.0)"
  - GoogleUtilities/Reachability (6.4.0):
    - GoogleUtilities/Logger
  - HockeySDK (5.1.4):
    - HockeySDK/DefaultLib (= 5.1.4)
  - HockeySDK/DefaultLib (5.1.4)
  - nanopb (0.3.8):
    - nanopb/decode (= 0.3.8)
    - nanopb/encode (= 0.3.8)
  - nanopb/decode (0.3.8)
  - nanopb/encode (0.3.8)
  - NoticeObserveKit (0.3.0)
  - Protobuf (3.5.0)
  - R.swift (5.0.3):
    - R.swift.Library (~> 5.0.0)
  - R.swift.Library (5.0.1)
  - Realm (4.3.0):
    - Realm/Headers (= 4.3.0)
  - Realm/Headers (4.3.0)
  - SDWebImage (5.4.1):
    - SDWebImage/Core (= 5.4.1)
  - SDWebImage/Core (5.4.1)
  - SVProgressHUD (2.1.2)
  - TwitterCore (3.0.2)
  - TwitterKit (3.2.1):
    - TwitterCore (>= 3.0.2)
  - Unbox (2.5.0)

DEPENDENCIES:
  - Alamofire (~> 5.0.0-rc.3)
  - Crashlytics (~> 3.14.0)
  - CTFeedback
  - Fabric (~> 1.10.2)
  - Firebase/Core
  - Firebase/Messaging
  - Google-Mobile-Ads-SDK
  - HockeySDK (~> 5.1.4)
  - NoticeObserveKit
  - R.swift (~> 5.0.3)
  - Realm (~> 4.3.0)
  - SDWebImage (~> 5.4.1)
  - SVProgressHUD
  - TwitterKit
  - Unbox

SPEC REPOS:
  trunk:
    - Alamofire
    - Crashlytics
    - CTFeedback
    - Fabric
    - Firebase
    - FirebaseAnalytics
    - FirebaseCore
    - FirebaseInstanceID
    - FirebaseMessaging
    - Google-Mobile-Ads-SDK
    - GoogleAppMeasurement
    - GoogleToolboxForMac
    - GoogleUtilities
    - HockeySDK
    - nanopb
    - NoticeObserveKit
    - Protobuf
    - R.swift
    - R.swift.Library
    - Realm
    - SDWebImage
    - SVProgressHUD
    - TwitterCore
    - TwitterKit
    - Unbox

SPEC CHECKSUMS:
  Alamofire: ca8c0de6906873be89d6deec5c8de279e00bf872
  Crashlytics: 540b7e5f5da5a042647227a5e3ac51d85eed06df
  CTFeedback: 6f128606e0d26d46075c3fa9fc33884372df8675
  Fabric: 706c8b8098fff96c33c0db69cbf81f9c551d0d74
  Firebase: 5ec5e863d269d82d66b4bf56856726f8fb8f0fb3
  FirebaseAnalytics: 7ef69e76a5142f643aeb47c780e1cdce4e23632e
  FirebaseCore: 90cb1c53d69b556f112a1bf72b5fcfaad7650790
  FirebaseInstanceID: 8d20d890d65c917f9f7d9950b6e10a760ad34321
  FirebaseMessaging: 75cdb862e86c30e0913a2ff307e48d49357c5b73
  Google-Mobile-Ads-SDK: fac081606dbd438d8db57198b83ba8b5f875a601
  GoogleAppMeasurement: 0ae90be1cc4dad40f4a27fc767ef59fa032ec87b
  GoogleToolboxForMac: 91c824d21e85b31c2aae9bb011c5027c9b4e738f
  GoogleUtilities: 29bd0d8f850efbd28cff6d99e8b7da1f8d236bcf
  HockeySDK: 15afe6bc0a5bfe3a531fd73dbf082095f37dac3b
  nanopb: 5601e6bca2dbf1ed831b519092ec110f66982ca3
  NoticeObserveKit: 66f37e06f155a3632d3a96e799cf7700f6a4c104
  Protobuf: 8a9838fba8dae3389230e1b7f8c104aa32389c03
  R.swift: f5a87643b91ea569d23d6afb3eee9c743edde239
  R.swift.Library: cfe85d569d9bae6cb262922db130e7c3a7a5fad1
  Realm: 9357c3589555793e1860a7104a7412bca4a48d99
  SDWebImage: 29c340dbdcef342bb13125553f4e19ce056b07a7
  SVProgressHUD: c404a55d78acbeb7ebb78b76d3faf986475a6994
  TwitterCore: e0420b01e02e7d20e94690e37f43e75de219ab8d
  TwitterKit: 205ac89824bbfe9e85a16c420d30bb7bcbedac45
  Unbox: 30e437e6151a6de16139375fd4e8dd9a664cfbf7

PODFILE CHECKSUM: 41e17e724b23ec66e5542c8931c77a6fd4e42853

COCOAPODS: 1.8.4
